
Microsoft Visual Studio Solution File, Format Version 12.00
# Visual Studio Version 16
VisualStudioVersion = 16.0.29009.5
MinimumVisualStudioVersion = 10.0.40219.1
Project("{8BC9CEB8-8B4A-11D0-8D11-00A0C91BC942}") = "FibbinochiNum", "FibbinochiNum.vcxproj", "{3D6C47F4-285F-4A73-9331-E20389C273D3}"
EndProject
Global
	GlobalSection(SolutionConfigurationPlatforms) = preSolution
		Debug|x64 = Debug|x64
		Debug|x86 = Debug|x86
		Release|x64 = Release|x64
		Release|x86 = Release|x86
	EndGlobalSection
	GlobalSection(ProjectConfigurationPlatforms) = postSolution
		{3D6C47F4-285F-4A73-9331-E20389C273D3}.Debug|x64.ActiveCfg = Debug|x64
		{3D6C47F4-285F-4A73-9331-E20389C273D3}.Debug|x64.Build.0 = Debug|x64
		{3D6C47F4-285F-4A73-9331-E20389C273D3}.Debug|x86.ActiveCfg = Debug|Win32
		{3D6C47F4-285F-4A73-9331-E20389C273D3}.Debug|x86.Build.0 = Debug|Win32
		{3D6C47F4-285F-4A73-9331-E20389C273D3}.Release|x64.ActiveCfg = Release|x64
		{3D6C47F4-285F-4A73-9331-E20389C273D3}.Release|x64.Build.0 = Release|x64
		{3D6C47F4-285F-4A73-9331-E20389C273D3}.Release|x86.ActiveCfg = Release|Win32
		{3D6C47F4-285F-4A73-9331-E20389C273D3}.Release|x86.Build.0 = Release|Win32
	EndGlobalSection
	GlobalSection(SolutionProperties) = preSolution
		HideSolutionNode = FALSE
	EndGlobalSection
	GlobalSection(ExtensibilityGlobals) = postSolution
		SolutionGuid = {3C9FDB98-81A7-41AF-A3C2-84F575B8298B}
	EndGlobalSection
EndGlobal
